
Microsoft Visual Studio Solution File, Format Version 12.00
# Visual Studio Version 17
VisualStudioVersion = 17.11.35219.272
MinimumVisualStudioVersion = 10.0.40219.1
Project("{2150E333-8FDC-42A3-9474-1A3956D46DE8}") = "Solution Items", "Solution Items", "{133993FE-FE96-425C-B12C-F14371E145A3}"
	ProjectSection(SolutionItems) = preProject
		.editorconfig = .editorconfig
	EndProjectSection
EndProject
Project("{9A19103F-16F7-4668-BE54-9A1E7A4F7556}") = "RevitDriveFromOutside", "RevitDriveFromOutside\RevitDriveFromOutside.csproj", "{163715DD-055C-4DDC-A3E8-7DE9C60C0E31}"
EndProject
Global
	GlobalSection(SolutionConfigurationPlatforms) = preSolution
		Release R19|Any CPU = Release R19|Any CPU
		Release R20|Any CPU = Release R20|Any CPU
		Release R21|Any CPU = Release R21|Any CPU
		Release R22|Any CPU = Release R22|Any CPU
		Release R23|Any CPU = Release R23|Any CPU
		Release R24|Any CPU = Release R24|Any CPU
		Release R25|Any CPU = Release R25|Any CPU
	EndGlobalSection
	GlobalSection(ProjectConfigurationPlatforms) = postSolution
		{163715DD-055C-4DDC-A3E8-7DE9C60C0E31}.Release R19|Any CPU.ActiveCfg = Release R19|Any CPU
		{163715DD-055C-4DDC-A3E8-7DE9C60C0E31}.Release R19|Any CPU.Build.0 = Release R19|Any CPU
		{163715DD-055C-4DDC-A3E8-7DE9C60C0E31}.Release R20|Any CPU.ActiveCfg = Release R20|Any CPU
		{163715DD-055C-4DDC-A3E8-7DE9C60C0E31}.Release R20|Any CPU.Build.0 = Release R20|Any CPU
		{163715DD-055C-4DDC-A3E8-7DE9C60C0E31}.Release R21|Any CPU.ActiveCfg = Release R21|Any CPU
		{163715DD-055C-4DDC-A3E8-7DE9C60C0E31}.Release R21|Any CPU.Build.0 = Release R21|Any CPU
		{163715DD-055C-4DDC-A3E8-7DE9C60C0E31}.Release R22|Any CPU.ActiveCfg = Release R22|Any CPU
		{163715DD-055C-4DDC-A3E8-7DE9C60C0E31}.Release R22|Any CPU.Build.0 = Release R22|Any CPU
		{163715DD-055C-4DDC-A3E8-7DE9C60C0E31}.Release R23|Any CPU.ActiveCfg = Release R23|Any CPU
		{163715DD-055C-4DDC-A3E8-7DE9C60C0E31}.Release R23|Any CPU.Build.0 = Release R23|Any CPU
		{163715DD-055C-4DDC-A3E8-7DE9C60C0E31}.Release R24|Any CPU.ActiveCfg = Release R24|Any CPU
		{163715DD-055C-4DDC-A3E8-7DE9C60C0E31}.Release R24|Any CPU.Build.0 = Release R24|Any CPU
		{163715DD-055C-4DDC-A3E8-7DE9C60C0E31}.Release R25|Any CPU.ActiveCfg = Release R25|Any CPU
		{163715DD-055C-4DDC-A3E8-7DE9C60C0E31}.Release R25|Any CPU.Build.0 = Release R25|Any CPU
	EndGlobalSection
	GlobalSection(SolutionProperties) = preSolution
		HideSolutionNode = FALSE
	EndGlobalSection
	GlobalSection(ExtensibilityGlobals) = postSolution
		SolutionGuid = {44602FAC-5556-4E98-B58F-E622B8AD0C34}
	EndGlobalSection
EndGlobal
